{
  "name": "@fr-esco/tslint-config",
  "version": "1.2.0",
  "lockfileVersion": 1,
  "requires": true,
  "dependencies": {
    "doctrine": {
      "version": "0.7.2",
      "resolved": "https://oneit.wba.com/artifactory/api/npm/rx-rnwl-npm/doctrine/-/doctrine-0.7.2.tgz",
      "integrity": "sha1-fLhgNZujvpDgQLJrcpzkv6ZUxSM=",
      "requires": {
        "esutils": "1.1.6",
        "isarray": "0.0.1"
      }
    },
    "esutils": {
      "version": "1.1.6",
      "resolved": "https://oneit.wba.com/artifactory/api/npm/rx-rnwl-npm/esutils/-/esutils-1.1.6.tgz",
      "integrity": "sha1-wBzKqa5LiXxtDD4hCuUvPHqEQ3U="
    },
    "isarray": {
      "version": "0.0.1",
      "resolved": "https://oneit.wba.com/artifactory/api/npm/rx-rnwl-npm/isarray/-/isarray-0.0.1.tgz",
      "integrity": "sha1-ihis/Kmo9Bd+Cav8YDiTmwXR7t8="
    },
    "tslib": {
      "version": "1.9.0",
      "resolved": "https://oneit.wba.com/artifactory/api/npm/rx-rnwl-npm/tslib/-/tslib-1.9.0.tgz",
      "integrity": "sha1-43qG/ajLuvI6BX9HPJ9Nxk5fwug="
    },
    "tslint-config-standard": {
      "version": "8.0.1",
      "resolved": "https://oneit.wba.com/artifactory/api/npm/rx-rnwl-npm/tslint-config-standard/-/tslint-config-standard-8.0.1.tgz",
      "integrity": "sha1-5N0xKOhLDjS1GZC2hxWmQfK0F+Q=",
      "requires": {
        "tslint-eslint-rules": "5.4.0"
      }
    },
    "tslint-eslint-rules": {
      "version": "5.4.0",
      "resolved": "https://oneit.wba.com/artifactory/api/npm/rx-rnwl-npm/tslint-eslint-rules/-/tslint-eslint-rules-5.4.0.tgz",
      "integrity": "sha1-5IjMkYG/GT/lzXv8ohOnaV8XN7U=",
      "requires": {
        "doctrine": "0.7.2",
        "tslib": "1.9.0",
        "tsutils": "3.0.0"
      }
    },
    "tsutils": {
      "version": "3.0.0",
      "resolved": "https://oneit.wba.com/artifactory/api/npm/rx-rnwl-npm/tsutils/-/tsutils-3.0.0.tgz",
      "integrity": "sha1-DFBwoXoFA+BW2gOMSLWhhwpQqa0=",
      "requires": {
        "tslib": "1.9.0"
      }
    }
  }
}
